
Microsoft Visual Studio Solution File, Format Version 12.00
# Visual Studio 14
VisualStudioVersion = 14.0.25420.1
MinimumVisualStudioVersion = 10.0.40219.1
Project("{FAE04EC0-301F-11D3-BF4B-00C04F79EFBC}") = "Shelfalytics.API", "Shelfalytics.API\Shelfalytics.API.csproj", "{8EB60777-7F32-4BF3-8599-361371E1A88A}"
EndProject
Project("{FAE04EC0-301F-11D3-BF4B-00C04F79EFBC}") = "Shelfalytics.Model", "Shelfalytics.Model\Shelfalytics.Model.csproj", "{6E394A17-8960-4766-9391-81A3C3754767}"
EndProject
Project("{2150E333-8FDC-42A3-9474-1A3956D46DE8}") = "DAL", "DAL", "{BDB5801C-6E55-4A9A-B500-B88E40C4B02E}"
EndProject
Project("{FAE04EC0-301F-11D3-BF4B-00C04F79EFBC}") = "Shelfalytics.DbContext", "Shelfalytics.DbContext\Shelfalytics.DbContext.csproj", "{102C4042-AE1E-4CB7-BE5F-E994E6ECDE22}"
EndProject
Project("{FAE04EC0-301F-11D3-BF4B-00C04F79EFBC}") = "Shelfalytics.RepositoryInterface", "Shelfalytics.RepositoryInterface\Shelfalytics.RepositoryInterface.csproj", "{4E08E9F5-0792-4BF8-B0D0-A8B452F6B800}"
EndProject
Project("{FAE04EC0-301F-11D3-BF4B-00C04F79EFBC}") = "Shelfalytics.Repository", "Shelfalytics.Repository\Shelfalytics.Repository.csproj", "{567F5714-9FE3-4DCA-8AC2-F7AEF09E093E}"
EndProject
Project("{2150E333-8FDC-42A3-9474-1A3956D46DE8}") = "BLL", "BLL", "{AB5780BC-5A03-4280-A683-38E6C3A0D26A}"
EndProject
Project("{FAE04EC0-301F-11D3-BF4B-00C04F79EFBC}") = "Shelfalytics.ServiceInterface", "Shelfalytics.ServiceInterface\Shelfalytics.ServiceInterface.csproj", "{A70A8B48-7B52-481F-8FA0-2CE31F71B6A9}"
EndProject
Project("{FAE04EC0-301F-11D3-BF4B-00C04F79EFBC}") = "Shelfalytics.Service", "Shelfalytics.Service\Shelfalytics.Service.csproj", "{2558293B-285F-4BD7-8E0A-2E6DAA7DF57E}"
EndProject
Global
	GlobalSection(SolutionConfigurationPlatforms) = preSolution
		Debug|Any CPU = Debug|Any CPU
		Release|Any CPU = Release|Any CPU
		UAT|Any CPU = UAT|Any CPU
	EndGlobalSection
	GlobalSection(ProjectConfigurationPlatforms) = postSolution
		{8EB60777-7F32-4BF3-8599-361371E1A88A}.Debug|Any CPU.ActiveCfg = Debug|Any CPU
		{8EB60777-7F32-4BF3-8599-361371E1A88A}.Debug|Any CPU.Build.0 = Debug|Any CPU
		{8EB60777-7F32-4BF3-8599-361371E1A88A}.Release|Any CPU.ActiveCfg = Release|Any CPU
		{8EB60777-7F32-4BF3-8599-361371E1A88A}.Release|Any CPU.Build.0 = Release|Any CPU
		{8EB60777-7F32-4BF3-8599-361371E1A88A}.UAT|Any CPU.ActiveCfg = UAT|Any CPU
		{8EB60777-7F32-4BF3-8599-361371E1A88A}.UAT|Any CPU.Build.0 = UAT|Any CPU
		{6E394A17-8960-4766-9391-81A3C3754767}.Debug|Any CPU.ActiveCfg = Debug|Any CPU
		{6E394A17-8960-4766-9391-81A3C3754767}.Debug|Any CPU.Build.0 = Debug|Any CPU
		{6E394A17-8960-4766-9391-81A3C3754767}.Release|Any CPU.ActiveCfg = Release|Any CPU
		{6E394A17-8960-4766-9391-81A3C3754767}.Release|Any CPU.Build.0 = Release|Any CPU
		{6E394A17-8960-4766-9391-81A3C3754767}.UAT|Any CPU.ActiveCfg = UAT|Any CPU
		{6E394A17-8960-4766-9391-81A3C3754767}.UAT|Any CPU.Build.0 = UAT|Any CPU
		{102C4042-AE1E-4CB7-BE5F-E994E6ECDE22}.Debug|Any CPU.ActiveCfg = Debug|Any CPU
		{102C4042-AE1E-4CB7-BE5F-E994E6ECDE22}.Debug|Any CPU.Build.0 = Debug|Any CPU
		{102C4042-AE1E-4CB7-BE5F-E994E6ECDE22}.Release|Any CPU.ActiveCfg = Release|Any CPU
		{102C4042-AE1E-4CB7-BE5F-E994E6ECDE22}.Release|Any CPU.Build.0 = Release|Any CPU
		{102C4042-AE1E-4CB7-BE5F-E994E6ECDE22}.UAT|Any CPU.ActiveCfg = UAT|Any CPU
		{102C4042-AE1E-4CB7-BE5F-E994E6ECDE22}.UAT|Any CPU.Build.0 = UAT|Any CPU
		{4E08E9F5-0792-4BF8-B0D0-A8B452F6B800}.Debug|Any CPU.ActiveCfg = Debug|Any CPU
		{4E08E9F5-0792-4BF8-B0D0-A8B452F6B800}.Debug|Any CPU.Build.0 = Debug|Any CPU
		{4E08E9F5-0792-4BF8-B0D0-A8B452F6B800}.Release|Any CPU.ActiveCfg = Release|Any CPU
		{4E08E9F5-0792-4BF8-B0D0-A8B452F6B800}.Release|Any CPU.Build.0 = Release|Any CPU
		{4E08E9F5-0792-4BF8-B0D0-A8B452F6B800}.UAT|Any CPU.ActiveCfg = UAT|Any CPU
		{4E08E9F5-0792-4BF8-B0D0-A8B452F6B800}.UAT|Any CPU.Build.0 = UAT|Any CPU
		{567F5714-9FE3-4DCA-8AC2-F7AEF09E093E}.Debug|Any CPU.ActiveCfg = Debug|Any CPU
		{567F5714-9FE3-4DCA-8AC2-F7AEF09E093E}.Debug|Any CPU.Build.0 = Debug|Any CPU
		{567F5714-9FE3-4DCA-8AC2-F7AEF09E093E}.Release|Any CPU.ActiveCfg = Release|Any CPU
		{567F5714-9FE3-4DCA-8AC2-F7AEF09E093E}.Release|Any CPU.Build.0 = Release|Any CPU
		{567F5714-9FE3-4DCA-8AC2-F7AEF09E093E}.UAT|Any CPU.ActiveCfg = UAT|Any CPU
		{567F5714-9FE3-4DCA-8AC2-F7AEF09E093E}.UAT|Any CPU.Build.0 = UAT|Any CPU
		{A70A8B48-7B52-481F-8FA0-2CE31F71B6A9}.Debug|Any CPU.ActiveCfg = Debug|Any CPU
		{A70A8B48-7B52-481F-8FA0-2CE31F71B6A9}.Debug|Any CPU.Build.0 = Debug|Any CPU
		{A70A8B48-7B52-481F-8FA0-2CE31F71B6A9}.Release|Any CPU.ActiveCfg = Release|Any CPU
		{A70A8B48-7B52-481F-8FA0-2CE31F71B6A9}.Release|Any CPU.Build.0 = Release|Any CPU
		{A70A8B48-7B52-481F-8FA0-2CE31F71B6A9}.UAT|Any CPU.ActiveCfg = UAT|Any CPU
		{A70A8B48-7B52-481F-8FA0-2CE31F71B6A9}.UAT|Any CPU.Build.0 = UAT|Any CPU
		{2558293B-285F-4BD7-8E0A-2E6DAA7DF57E}.Debug|Any CPU.ActiveCfg = Debug|Any CPU
		{2558293B-285F-4BD7-8E0A-2E6DAA7DF57E}.Debug|Any CPU.Build.0 = Debug|Any CPU
		{2558293B-285F-4BD7-8E0A-2E6DAA7DF57E}.Release|Any CPU.ActiveCfg = Release|Any CPU
		{2558293B-285F-4BD7-8E0A-2E6DAA7DF57E}.Release|Any CPU.Build.0 = Release|Any CPU
		{2558293B-285F-4BD7-8E0A-2E6DAA7DF57E}.UAT|Any CPU.ActiveCfg = UAT|Any CPU
		{2558293B-285F-4BD7-8E0A-2E6DAA7DF57E}.UAT|Any CPU.Build.0 = UAT|Any CPU
	EndGlobalSection
	GlobalSection(SolutionProperties) = preSolution
		HideSolutionNode = FALSE
	EndGlobalSection
	GlobalSection(NestedProjects) = preSolution
		{6E394A17-8960-4766-9391-81A3C3754767} = {BDB5801C-6E55-4A9A-B500-B88E40C4B02E}
		{102C4042-AE1E-4CB7-BE5F-E994E6ECDE22} = {BDB5801C-6E55-4A9A-B500-B88E40C4B02E}
		{4E08E9F5-0792-4BF8-B0D0-A8B452F6B800} = {BDB5801C-6E55-4A9A-B500-B88E40C4B02E}
		{567F5714-9FE3-4DCA-8AC2-F7AEF09E093E} = {BDB5801C-6E55-4A9A-B500-B88E40C4B02E}
		{A70A8B48-7B52-481F-8FA0-2CE31F71B6A9} = {AB5780BC-5A03-4280-A683-38E6C3A0D26A}
		{2558293B-285F-4BD7-8E0A-2E6DAA7DF57E} = {AB5780BC-5A03-4280-A683-38E6C3A0D26A}
	EndGlobalSection
EndGlobal
